// !$*UTF8*$!
{
	archiveVersion = 1;
	classes = {
	};
	objectVersion = 46;
	objects = {

/* Begin PBXBuildFile section */
		2BFE4A781ED5B251006EAF7B /* AppDelegate.swift in Sources */ = {isa = PBXBuildFile; fileRef = 2BFE4A771ED5B251006EAF7B /* AppDelegate.swift */; };
		2BFE4A7A1ED5B251006EAF7B /* ViewController.swift in Sources */ = {isa = PBXBuildFile; fileRef = 2BFE4A791ED5B251006EAF7B /* ViewController.swift */; };
		2BFE4A7D1ED5B251006EAF7B /* Main.storyboard in Resources */ = {isa = PBXBuildFile; fileRef = 2BFE4A7B1ED5B251006EAF7B /* Main.storyboard */; };
		2BFE4A7F1ED5B251006EAF7B /* Assets.xcassets in Resources */ = {isa = PBXBuildFile; fileRef = 2BFE4A7E1ED5B251006EAF7B /* Assets.xcassets */; };
		2BFE4A821ED5B251006EAF7B /* LaunchScreen.storyboard in Resources */ = {isa = PBXBuildFile; fileRef = 2BFE4A801ED5B251006EAF7B /* LaunchScreen.storyboard */; };
		2BFE4A8A1ED5B5CE006EAF7B /* ResultViewController.swift in Sources */ = {isa = PBXBuildFile; fileRef = 2BFE4A891ED5B5CE006EAF7B /* ResultViewController.swift */; };
/* End PBXBuildFile section */

/* Begin PBXFileReference section */
		2BFE4A741ED5B251006EAF7B /* RockPaperSissors.app */ = {isa = PBXFileReference; explicitFileType = wrapper.application; includeInIndex = 0; path = RockPaperSissors.app; sourceTree = BUILT_PRODUCTS_DIR; };
		2BFE4A771ED5B251006EAF7B /* AppDelegate.swift */ = {isa = PBXFileReference; lastKnownFileType = sourcecode.swift; path = AppDelegate.swift; sourceTree = "<group>"; };
		2BFE4A791ED5B251006EAF7B /* ViewController.swift */ = {isa = PBXFileReference; lastKnownFileType = sourcecode.swift; path = ViewController.swift; sourceTree = "<group>"; };
		2BFE4A7C1ED5B251006EAF7B /* Base */ = {isa = PBXFileReference; lastKnownFileType = file.storyboard; name = Base; path = Base.lproj/Main.storyboard; sourceTree = "<group>"; };
		2BFE4A7E1ED5B251006EAF7B /* Assets.xcassets */ = {isa = PBXFileReference; lastKnownFileType = folder.assetcatalog; path = Assets.xcassets; sourceTree = "<group>"; };
		2BFE4A811ED5B251006EAF7B /* Base */ = {isa = PBXFileReference; lastKnownFileType = file.storyboard; name = Base; path = Base.lproj/LaunchScreen.storyboard; sourceTree = "<group>"; };
		2BFE4A831ED5B251006EAF7B /* Info.plist */ = {isa = PBXFileReference; lastKnownFileType = text.plist.xml; path = Info.plist; sourceTree = "<group>"; };
		2BFE4A891ED5B5CE006EAF7B /* ResultViewController.swift */ = {isa = PBXFileReference; fileEncoding = 4; lastKnownFileType = sourcecode.swift; path = ResultViewController.swift; sourceTree = "<group>"; };
/* End PBXFileReference section */

/* Begin PBXFrameworksBuildPhase section */
		2BFE4A711ED5B251006EAF7B /* Frameworks */ = {
			isa = PBXFrameworksBuildPhase;
			buildActionMask = 2147483647;
			files = (
			);
			runOnlyForDeploymentPostprocessing = 0;
		};
/* End PBXFrameworksBuildPhase section */

/* Begin PBXGroup section */
		2BFE4A6B1ED5B251006EAF7B = {
			isa = PBXGroup;
			children = (
				2BFE4A761ED5B251006EAF7B /* RockPaperSissors */,
				2BFE4A751ED5B251006EAF7B /* Products */,
			);
			sourceTree = "<group>";
		};
		2BFE4A751ED5B251006EAF7B /* Products */ = {
			isa = PBXGroup;
			children = (
				2BFE4A741ED5B251006EAF7B /* RockPaperSissors.app */,
			);
			name = Products;
			sourceTree = "<group>";
		};
		2BFE4A761ED5B251006EAF7B /* RockPaperSissors */ = {
			isa = PBXGroup;
			children = (
				2BFE4A771ED5B251006EAF7B /* AppDelegate.swift */,
				2BFE4A791ED5B251006EAF7B /* ViewController.swift */,
				2BFE4A7B1ED5B251006EAF7B /* Main.storyboard */,
				2BFE4A891ED5B5CE006EAF7B /* ResultViewController.swift */,
				2BFE4A7E1ED5B251006EAF7B /* Assets.xcassets */,
				2BFE4A801ED5B251006EAF7B /* LaunchScreen.storyboard */,
				2BFE4A831ED5B251006EAF7B /* Info.plist */,
			);
			path = RockPaperSissors;
			sourceTree = "<group>";
		};
/* End PBXGroup section */

/* Begin PBXNativeTarget section */
		2BFE4A731ED5B251006EAF7B /* RockPaperSissors */ = {
			isa = PBXNativeTarget;
			buildConfigurationList = 2BFE4A861ED5B251006EAF7B /* Build configuration list for PBXNativeTarget "RockPaperSissors" */;
			buildPhases = (
				2BFE4A701ED5B251006EAF7B /* Sources */,
				2BFE4A711ED5B251006EAF7B /* Frameworks */,
				2BFE4A721ED5B251006EAF7B /* Resources */,
			);
			buildRules = (
			);
			dependencies = (
			);
			name = RockPaperSissors;
			productName = RockPaperSissors;
			productReference = 2BFE4A741ED5B251006EAF7B /* RockPaperSissors.app */;
			productType = "com.apple.product-type.application";
		};
/* End PBXNativeTarget section */

/* Begin PBXProject section */
		2BFE4A6C1ED5B251006EAF7B /* Project object */ = {
			isa = PBXProject;
			attributes = {
				LastSwiftUpdateCheck = 0830;
				LastUpgradeCheck = 0830;
				ORGANIZATIONNAME = "Marc Gomez Iranzo";
				TargetAttributes = {
					2BFE4A731ED5B251006EAF7B = {
						CreatedOnToolsVersion = 8.3.2;
						ProvisioningStyle = Automatic;
					};
				};
			};
			buildConfigurationList = 2BFE4A6F1ED5B251006EAF7B /* Build configuration list for PBXProject "RockPaperSissors" */;
			compatibilityVersion = "Xcode 3.2";
			developmentRegion = English;
			hasScannedForEncodings = 0;
			knownRegions = (
				en,
				Base,
			);
			mainGroup = 2BFE4A6B1ED5B251006EAF7B;
			productRefGroup = 2BFE4A751ED5B251006EAF7B /* Products */;
			projectDirPath = "";
			projectRoot = "";
			targets = (
				2BFE4A731ED5B251006EAF7B /* RockPaperSissors */,
			);
		};
/* End PBXProject section */

/* Begin PBXResourcesBuildPhase section */
		2BFE4A721ED5B251006EAF7B /* Resources */ = {
			isa = PBXResourcesBuildPhase;
			buildActionMask = 2147483647;
			files = (
				2BFE4A821ED5B251006EAF7B /* LaunchScreen.storyboard in Resources */,
				2BFE4A7F1ED5B251006EAF7B /* Assets.xcassets in Resources */,
				2BFE4A7D1ED5B251006EAF7B /* Main.storyboard in Resources */,
			);
			runOnlyForDeploymentPostprocessing = 0;
		};
/* End PBXResourcesBuildPhase section */

/* Begin PBXSourcesBuildPhase section */
		2BFE4A701ED5B251006EAF7B /* Sources */ = {
			isa = PBXSourcesBuildPhase;
			buildActionMask = 2147483647;
			files = (
				2BFE4A7A1ED5B251006EAF7B /* ViewController.swift in Sources */,
				2BFE4A781ED5B251006EAF7B /* AppDelegate.swift in Sources */,
				2BFE4A8A1ED5B5CE006EAF7B /* ResultViewController.swift in Sources */,
			);
			runOnlyForDeploymentPostprocessing = 0;
		};
/* End PBXSourcesBuildPhase section */

/* Begin PBXVariantGroup section */
		2BFE4A7B1ED5B251006EAF7B /* Main.storyboard */ = {
			isa = PBXVariantGroup;
			children = (
				2BFE4A7C1ED5B251006EAF7B /* Base */,
			);
			name = Main.storyboard;
			sourceTree = "<group>";
		};
		2BFE4A801ED5B251006EAF7B /* LaunchScreen.storyboard */ = {
			isa = PBXVariantGroup;
			children = (
				2BFE4A811ED5B251006EAF7B /* Base */,
			);
			name = LaunchScreen.storyboard;
			sourceTree = "<group>";
		};
/* End PBXVariantGroup section */

/* Begin XCBuildConfiguration section */
		2BFE4A841ED5B251006EAF7B /* Debug */ = {
			isa = XCBuildConfiguration;
			buildSettings = {
				ALWAYS_SEARCH_USER_PATHS = NO;
				CLANG_ANALYZER_NONNULL = YES;
				CLANG_ANALYZER_NUMBER_OBJECT_CONVERSION = YES_AGGRESSIVE;
				CLANG_CXX_LANGUAGE_STANDARD = "gnu++0x";
				CLANG_CXX_LIBRARY = "libc++";
				CLANG_ENABLE_MODULES = YES;
				CLANG_ENABLE_OBJC_ARC = YES;
				CLANG_WARN_BOOL_CONVERSION = YES;
				CLANG_WARN_CONSTANT_CONVERSION = YES;
				CLANG_WARN_DIRECT_OBJC_ISA_USAGE = YES_ERROR;
				CLANG_WARN_DOCUMENTATION_COMMENTS = YES;
				CLANG_WARN_EMPTY_BODY = YES;
				CLANG_WARN_ENUM_CONVERSION = YES;
				CLANG_WARN_INFINITE_RECURSION = YES;
				CLANG_WARN_INT_CONVERSION = YES;
				CLANG_WARN_OBJC_ROOT_CLASS = YES_ERROR;
				CLANG_WARN_SUSPICIOUS_MOVE = YES;
				CLANG_WARN_UNREACHABLE_CODE = YES;
				CLANG_WARN__DUPLICATE_METHOD_MATCH = YES;
				"CODE_SIGN_IDENTITY[sdk=iphoneos*]" = "iPhone Developer";
				COPY_PHASE_STRIP = NO;
				DEBUG_INFORMATION_FORMAT = dwarf;
				ENABLE_STRICT_OBJC_MSGSEND = YES;
				ENABLE_TESTABILITY = YES;
				GCC_C_LANGUAGE_STANDARD = gnu99;
				GCC_DYNAMIC_NO_PIC = NO;
				GCC_NO_COMMON_BLOCKS = YES;
				GCC_OPTIMIZATION_LEVEL = 0;
				GCC_PREPROCESSOR_DEFINITIONS = (
					"DEBUG=1",
					"$(inherited)",
				);
				GCC_WARN_64_TO_32_BIT_CONVERSION = YES;
				GCC_WARN_ABOUT_RETURN_TYPE = YES_ERROR;
				GCC_WARN_UNDECLARED_SELECTOR = YES;
				GCC_WARN_UNINITIALIZED_AUTOS = YES_AGGRESSIVE;
				GCC_WARN_UNUSED_FUNCTION = YES;
				GCC_WARN_UNUSED_VARIABLE = YES;
				IPHONEOS_DEPLOYMENT_TARGET = 10.3;
				MTL_ENABLE_DEBUG_INFO = YES;
				ONLY_ACTIVE_ARCH = YES;
				SDKROOT = iphoneos;
				SWIFT_ACTIVE_COMPILATION_CONDITIONS = DEBUG;
				SWIFT_OPTIMIZATION_LEVEL = "-Onone";
				TARGETED_DEVICE_FAMILY = "1,2";
			};
			name = Debug;
		};
		2BFE4A851ED5B251006EAF7B /* Release */ = {
			isa = XCBuildConfiguration;
			buildSettings = {
				ALWAYS_SEARCH_USER_PATHS = NO;
				CLANG_ANALYZER_NONNULL = YES;
				CLANG_ANALYZER_NUMBER_OBJECT_CONVERSION = YES_AGGRESSIVE;
				CLANG_CXX_LANGUAGE_STANDARD = "gnu++0x";
				CLANG_CXX_LIBRARY = "libc++";
				CLANG_ENABLE_MODULES = YES;
				CLANG_ENABLE_OBJC_ARC = YES;
				CLANG_WARN_BOOL_CONVERSION = YES;
				CLANG_WARN_CONSTANT_CONVERSION = YES;
				CLANG_WARN_DIRECT_OBJC_ISA_USAGE = YES_ERROR;
				CLANG_WARN_DOCUMENTATION_COMMENTS = YES;
				CLANG_WARN_EMPTY_BODY = YES;
				CLANG_WARN_ENUM_CONVERSION = YES;
				CLANG_WARN_INFINITE_RECURSION = YES;
				CLANG_WARN_INT_CONVERSION = YES;
				CLANG_WARN_OBJC_ROOT_CLASS = YES_ERROR;
				CLANG_WARN_SUSPICIOUS_MOVE = YES;
				CLANG_WARN_UNREACHABLE_CODE = YES;
				CLANG_WARN__DUPLICATE_METHOD_MATCH = YES;
				"CODE_SIGN_IDENTITY[sdk=iphoneos*]" = "iPhone Developer";
				COPY_PHASE_STRIP = NO;
				DEBUG_INFORMATION_FORMAT = "dwarf-with-dsym";
				ENABLE_NS_ASSERTIONS = NO;
				ENABLE_STRICT_OBJC_MSGSEND = YES;
				GCC_C_LANGUAGE_STANDARD = gnu99;
				GCC_NO_COMMON_BLOCKS = YES;
				GCC_WARN_64_TO_32_BIT_CONVERSION = YES;
				GCC_WARN_ABOUT_RETURN_TYPE = YES_ERROR;
				GCC_WARN_UNDECLARED_SELECTOR = YES;
				GCC_WARN_UNINITIALIZED_AUTOS = YES_AGGRESSIVE;
				GCC_WARN_UNUSED_FUNCTION = YES;
				GCC_WARN_UNUSED_VARIABLE = YES;
				IPHONEOS_DEPLOYMENT_TARGET = 10.3;
				MTL_ENABLE_DEBUG_INFO = NO;
				SDKROOT = iphoneos;
				SWIFT_OPTIMIZATION_LEVEL = "-Owholemodule";
				TARGETED_DEVICE_FAMILY = "1,2";
				VALIDATE_PRODUCT = YES;
			};
			name = Release;
		};
		2BFE4A871ED5B251006EAF7B /* Debug */ = {
			isa = XCBuildConfiguration;
			buildSettings = {
				ASSETCATALOG_COMPILER_APPICON_NAME = AppIcon;
				DEVELOPMENT_TEAM = "";
				INFOPLIST_FILE = RockPaperSissors/Info.plist;
				LD_RUNPATH_SEARCH_PATHS = "$(inherited) @executable_path/Frameworks";
				PRODUCT_BUNDLE_IDENTIFIER = com.marcgomez.RockPaperSissors;
				PRODUCT_NAME = "$(TARGET_NAME)";
				SWIFT_VERSION = 3.0;
			};
			name = Debug;
		};
		2BFE4A881ED5B251006EAF7B /* Release */ = {
			isa = XCBuildConfiguration;
			buildSettings = {
				ASSETCATALOG_COMPILER_APPICON_NAME = AppIcon;
				DEVELOPMENT_TEAM = "";
				INFOPLIST_FILE = RockPaperSissors/Info.plist;
				LD_RUNPATH_SEARCH_PATHS = "$(inherited) @executable_path/Frameworks";
				PRODUCT_BUNDLE_IDENTIFIER = com.marcgomez.RockPaperSissors;
				PRODUCT_NAME = "$(TARGET_NAME)";
				SWIFT_VERSION = 3.0;
			};
			name = Release;
		};
/* End XCBuildConfiguration section */

/* Begin XCConfigurationList section */
		2BFE4A6F1ED5B251006EAF7B /* Build configuration list for PBXProject "RockPaperSissors" */ = {
			isa = XCConfigurationList;
			buildConfigurations = (
				2BFE4A841ED5B251006EAF7B /* Debug */,
				2BFE4A851ED5B251006EAF7B /* Release */,
			);
			defaultConfigurationIsVisible = 0;
			defaultConfigurationName = Release;
		};
		2BFE4A861ED5B251006EAF7B /* Build configuration list for PBXNativeTarget "RockPaperSissors" */ = {
			isa = XCConfigurationList;
			buildConfigurations = (
				2BFE4A871ED5B251006EAF7B /* Debug */,
				2BFE4A881ED5B251006EAF7B /* Release */,
			);
			defaultConfigurationIsVisible = 0;
			defaultConfigurationName = Release;
		};
/* End XCConfigurationList section */
	};
	rootObject = 2BFE4A6C1ED5B251006EAF7B /* Project object */;
}
